
Microsoft Visual Studio Solution File, Format Version 12.00
# Visual Studio 15
VisualStudioVersion = 15.0.28307.779
MinimumVisualStudioVersion = 10.0.40219.1
Project("{FAE04EC0-301F-11D3-BF4B-00C04F79EFBC}") = "PruebaOracle", "PruebaOracle\PruebaOracle.csproj", "{3522A4E5-0EAC-4B2D-8939-8E117549F0CB}"
EndProject
Global
	GlobalSection(SolutionConfigurationPlatforms) = preSolution
		Debug|Any CPU = Debug|Any CPU
		Release|Any CPU = Release|Any CPU
	EndGlobalSection
	GlobalSection(ProjectConfigurationPlatforms) = postSolution
		{3522A4E5-0EAC-4B2D-8939-8E117549F0CB}.Debug|Any CPU.ActiveCfg = Debug|Any CPU
		{3522A4E5-0EAC-4B2D-8939-8E117549F0CB}.Debug|Any CPU.Build.0 = Debug|Any CPU
		{3522A4E5-0EAC-4B2D-8939-8E117549F0CB}.Release|Any CPU.ActiveCfg = Release|Any CPU
		{3522A4E5-0EAC-4B2D-8939-8E117549F0CB}.Release|Any CPU.Build.0 = Release|Any CPU
	EndGlobalSection
	GlobalSection(SolutionProperties) = preSolution
		HideSolutionNode = FALSE
	EndGlobalSection
	GlobalSection(ExtensibilityGlobals) = postSolution
		SolutionGuid = {258A9C6C-2F4E-4515-807E-1873C5CF9FBC}
	EndGlobalSection
EndGlobal
